
Microsoft Visual Studio Solution File, Format Version 12.00
# Visual Studio Version 16
VisualStudioVersion = 16.0.31129.286
MinimumVisualStudioVersion = 10.0.40219.1
Project("{9A19103F-16F7-4668-BE54-9A1E7A4F7556}") = "WebAPI_SQL", "WebAPI_SQL\WebAPI_SQL.csproj", "{CC2C642C-D978-49D2-A4CF-298E20369CD8}"
EndProject
Global
	GlobalSection(SolutionConfigurationPlatforms) = preSolution
		Debug|Any CPU = Debug|Any CPU
		Release|Any CPU = Release|Any CPU
	EndGlobalSection
	GlobalSection(ProjectConfigurationPlatforms) = postSolution
		{CC2C642C-D978-49D2-A4CF-298E20369CD8}.Debug|Any CPU.ActiveCfg = Debug|Any CPU
		{CC2C642C-D978-49D2-A4CF-298E20369CD8}.Debug|Any CPU.Build.0 = Debug|Any CPU
		{CC2C642C-D978-49D2-A4CF-298E20369CD8}.Release|Any CPU.ActiveCfg = Release|Any CPU
		{CC2C642C-D978-49D2-A4CF-298E20369CD8}.Release|Any CPU.Build.0 = Release|Any CPU
	EndGlobalSection
	GlobalSection(SolutionProperties) = preSolution
		HideSolutionNode = FALSE
	EndGlobalSection
	GlobalSection(ExtensibilityGlobals) = postSolution
		SolutionGuid = {9E82771D-639B-4627-AD94-61B213283F4A}
	EndGlobalSection
EndGlobal
